
Microsoft Visual Studio Solution File, Format Version 12.00
# Visual Studio Version 17
VisualStudioVersion = 17.9.34607.119
MinimumVisualStudioVersion = 10.0.40219.1
Project("{FAE04EC0-301F-11D3-BF4B-00C04F79EFBC}") = "MyConsoleApp", "MyConsoleApp\MyConsoleApp.csproj", "{D0F1EBE4-E4BA-4C64-9748-16F3E4EA5B03}"
EndProject
Global
	GlobalSection(SolutionConfigurationPlatforms) = preSolution
		Debug|Any CPU = Debug|Any CPU
		Release|Any CPU = Release|Any CPU
	EndGlobalSection
	GlobalSection(ProjectConfigurationPlatforms) = postSolution
		{D0F1EBE4-E4BA-4C64-9748-16F3E4EA5B03}.Debug|Any CPU.ActiveCfg = Debug|Any CPU
		{D0F1EBE4-E4BA-4C64-9748-16F3E4EA5B03}.Debug|Any CPU.Build.0 = Debug|Any CPU
		{D0F1EBE4-E4BA-4C64-9748-16F3E4EA5B03}.Release|Any CPU.ActiveCfg = Release|Any CPU
		{D0F1EBE4-E4BA-4C64-9748-16F3E4EA5B03}.Release|Any CPU.Build.0 = Release|Any CPU
	EndGlobalSection
	GlobalSection(SolutionProperties) = preSolution
		HideSolutionNode = FALSE
	EndGlobalSection
	GlobalSection(ExtensibilityGlobals) = postSolution
		SolutionGuid = {DAEB5040-9311-41C0-99E1-F6448EEAD554}
	EndGlobalSection
EndGlobal
